
Microsoft Visual Studio Solution File, Format Version 12.00
# Visual Studio 15
VisualStudioVersion = 15.0.27130.2036
MinimumVisualStudioVersion = 10.0.40219.1
Project("{FAE04EC0-301F-11D3-BF4B-00C04F79EFBC}") = "Algorithms In CSharp", "Algorithms In CSharp\Algorithms In CSharp.csproj", "{576E9CDE-B4F0-4B5C-9068-528752DAF91B}"
EndProject
Project("{FAE04EC0-301F-11D3-BF4B-00C04F79EFBC}") = "DrawingFunctionGraph", "DrawingFunctionGraph\DrawingFunctionGraph.csproj", "{59160077-6082-4AA2-89D5-147472E6201B}"
EndProject
Global
	GlobalSection(SolutionConfigurationPlatforms) = preSolution
		Debug|Any CPU = Debug|Any CPU
		Release|Any CPU = Release|Any CPU
	EndGlobalSection
	GlobalSection(ProjectConfigurationPlatforms) = postSolution
		{576E9CDE-B4F0-4B5C-9068-528752DAF91B}.Debug|Any CPU.ActiveCfg = Debug|Any CPU
		{576E9CDE-B4F0-4B5C-9068-528752DAF91B}.Debug|Any CPU.Build.0 = Debug|Any CPU
		{576E9CDE-B4F0-4B5C-9068-528752DAF91B}.Release|Any CPU.ActiveCfg = Release|Any CPU
		{576E9CDE-B4F0-4B5C-9068-528752DAF91B}.Release|Any CPU.Build.0 = Release|Any CPU
		{59160077-6082-4AA2-89D5-147472E6201B}.Debug|Any CPU.ActiveCfg = Debug|Any CPU
		{59160077-6082-4AA2-89D5-147472E6201B}.Debug|Any CPU.Build.0 = Debug|Any CPU
		{59160077-6082-4AA2-89D5-147472E6201B}.Release|Any CPU.ActiveCfg = Release|Any CPU
		{59160077-6082-4AA2-89D5-147472E6201B}.Release|Any CPU.Build.0 = Release|Any CPU
	EndGlobalSection
	GlobalSection(SolutionProperties) = preSolution
		HideSolutionNode = FALSE
	EndGlobalSection
	GlobalSection(ExtensibilityGlobals) = postSolution
		SolutionGuid = {A9143C83-C8E3-4245-A41B-E2CCBEC2EF00}
	EndGlobalSection
EndGlobal
